// !$*UTF8*$!
{
	archiveVersion = 1;
	classes = {
	};
	objectVersion = 48;
	objects = {

/* Begin PBXBuildFile section */
		D2BCE328204EF80D001714E5 /* AppDelegate.swift in Sources */ = {isa = PBXBuildFile; fileRef = D2BCE327204EF80D001714E5 /* AppDelegate.swift */; };
		D2BCE32A204EF80D001714E5 /* LoginVC.swift in Sources */ = {isa = PBXBuildFile; fileRef = D2BCE329204EF80D001714E5 /* LoginVC.swift */; };
		D2BCE32D204EF80D001714E5 /* Main.storyboard in Resources */ = {isa = PBXBuildFile; fileRef = D2BCE32B204EF80D001714E5 /* Main.storyboard */; };
		D2BCE32F204EF80D001714E5 /* Assets.xcassets in Resources */ = {isa = PBXBuildFile; fileRef = D2BCE32E204EF80D001714E5 /* Assets.xcassets */; };
		D2BCE332204EF80D001714E5 /* LaunchScreen.storyboard in Resources */ = {isa = PBXBuildFile; fileRef = D2BCE330204EF80D001714E5 /* LaunchScreen.storyboard */; };
		D2BCE33B204EFCEF001714E5 /* UIView.swift in Sources */ = {isa = PBXBuildFile; fileRef = D2BCE33A204EFCEF001714E5 /* UIView.swift */; };
		D2BCE33D204F0250001714E5 /* UIViewController.swift in Sources */ = {isa = PBXBuildFile; fileRef = D2BCE33C204F0250001714E5 /* UIViewController.swift */; };
		D2BCE340204F08A4001714E5 /* MainVC.swift in Sources */ = {isa = PBXBuildFile; fileRef = D2BCE33F204F08A4001714E5 /* MainVC.swift */; };
		D2BCE342204F0E37001714E5 /* RegisterVC.swift in Sources */ = {isa = PBXBuildFile; fileRef = D2BCE341204F0E37001714E5 /* RegisterVC.swift */; };
		D2BCE344204F1942001714E5 /* EditVC.swift in Sources */ = {isa = PBXBuildFile; fileRef = D2BCE343204F1942001714E5 /* EditVC.swift */; };
		D2BCE348204F1A39001714E5 /* User.swift in Sources */ = {isa = PBXBuildFile; fileRef = D2BCE347204F1A39001714E5 /* User.swift */; };
		D2BCE34A204F1DF3001714E5 /* Base.swift in Sources */ = {isa = PBXBuildFile; fileRef = D2BCE349204F1DF3001714E5 /* Base.swift */; };
		D2BCE34D204F1E59001714E5 /* BaseModel.swift in Sources */ = {isa = PBXBuildFile; fileRef = D2BCE34C204F1E59001714E5 /* BaseModel.swift */; };
		D2BCE34F204F1F44001714E5 /* UserModel.swift in Sources */ = {isa = PBXBuildFile; fileRef = D2BCE34E204F1F44001714E5 /* UserModel.swift */; };
		D2BCE351204FEC31001714E5 /* Encrypt.swift in Sources */ = {isa = PBXBuildFile; fileRef = D2BCE350204FEC31001714E5 /* Encrypt.swift */; };
/* End PBXBuildFile section */

/* Begin PBXFileReference section */
		D2BCE324204EF80D001714E5 /* PruebaGafa.app */ = {isa = PBXFileReference; explicitFileType = wrapper.application; includeInIndex = 0; path = PruebaGafa.app; sourceTree = BUILT_PRODUCTS_DIR; };
		D2BCE327204EF80D001714E5 /* AppDelegate.swift */ = {isa = PBXFileReference; lastKnownFileType = sourcecode.swift; path = AppDelegate.swift; sourceTree = "<group>"; };
		D2BCE329204EF80D001714E5 /* LoginVC.swift */ = {isa = PBXFileReference; lastKnownFileType = sourcecode.swift; path = LoginVC.swift; sourceTree = "<group>"; };
		D2BCE32C204EF80D001714E5 /* Base */ = {isa = PBXFileReference; lastKnownFileType = file.storyboard; name = Base; path = Base.lproj/Main.storyboard; sourceTree = "<group>"; };
		D2BCE32E204EF80D001714E5 /* Assets.xcassets */ = {isa = PBXFileReference; lastKnownFileType = folder.assetcatalog; path = Assets.xcassets; sourceTree = "<group>"; };
		D2BCE331204EF80D001714E5 /* Base */ = {isa = PBXFileReference; lastKnownFileType = file.storyboard; name = Base; path = Base.lproj/LaunchScreen.storyboard; sourceTree = "<group>"; };
		D2BCE333204EF80D001714E5 /* Info.plist */ = {isa = PBXFileReference; lastKnownFileType = text.plist.xml; path = Info.plist; sourceTree = "<group>"; };
		D2BCE33A204EFCEF001714E5 /* UIView.swift */ = {isa = PBXFileReference; lastKnownFileType = sourcecode.swift; path = UIView.swift; sourceTree = "<group>"; };
		D2BCE33C204F0250001714E5 /* UIViewController.swift */ = {isa = PBXFileReference; lastKnownFileType = sourcecode.swift; path = UIViewController.swift; sourceTree = "<group>"; };
		D2BCE33F204F08A4001714E5 /* MainVC.swift */ = {isa = PBXFileReference; lastKnownFileType = sourcecode.swift; path = MainVC.swift; sourceTree = "<group>"; };
		D2BCE341204F0E37001714E5 /* RegisterVC.swift */ = {isa = PBXFileReference; lastKnownFileType = sourcecode.swift; path = RegisterVC.swift; sourceTree = "<group>"; };
		D2BCE343204F1942001714E5 /* EditVC.swift */ = {isa = PBXFileReference; lastKnownFileType = sourcecode.swift; path = EditVC.swift; sourceTree = "<group>"; };
		D2BCE347204F1A39001714E5 /* User.swift */ = {isa = PBXFileReference; lastKnownFileType = sourcecode.swift; path = User.swift; sourceTree = "<group>"; };
		D2BCE349204F1DF3001714E5 /* Base.swift */ = {isa = PBXFileReference; lastKnownFileType = sourcecode.swift; path = Base.swift; sourceTree = "<group>"; };
		D2BCE34C204F1E59001714E5 /* BaseModel.swift */ = {isa = PBXFileReference; lastKnownFileType = sourcecode.swift; path = BaseModel.swift; sourceTree = "<group>"; };
		D2BCE34E204F1F44001714E5 /* UserModel.swift */ = {isa = PBXFileReference; lastKnownFileType = sourcecode.swift; path = UserModel.swift; sourceTree = "<group>"; };
		D2BCE350204FEC31001714E5 /* Encrypt.swift */ = {isa = PBXFileReference; lastKnownFileType = sourcecode.swift; path = Encrypt.swift; sourceTree = "<group>"; };
/* End PBXFileReference section */

/* Begin PBXFrameworksBuildPhase section */
		D2BCE321204EF80D001714E5 /* Frameworks */ = {
			isa = PBXFrameworksBuildPhase;
			buildActionMask = 2147483647;
			files = (
			);
			runOnlyForDeploymentPostprocessing = 0;
		};
/* End PBXFrameworksBuildPhase section */

/* Begin PBXGroup section */
		D2BCE31B204EF80D001714E5 = {
			isa = PBXGroup;
			children = (
				D2BCE326204EF80D001714E5 /* PruebaGafa */,
				D2BCE325204EF80D001714E5 /* Products */,
			);
			sourceTree = "<group>";
		};
		D2BCE325204EF80D001714E5 /* Products */ = {
			isa = PBXGroup;
			children = (
				D2BCE324204EF80D001714E5 /* PruebaGafa.app */,
			);
			name = Products;
			sourceTree = "<group>";
		};
		D2BCE326204EF80D001714E5 /* PruebaGafa */ = {
			isa = PBXGroup;
			children = (
				D2BCE346204F1A2E001714E5 /* Models */,
				D2BCE345204F1A22001714E5 /* REST API */,
				D2BCE33E204F088C001714E5 /* Controllers */,
				D2BCE339204EFCDE001714E5 /* Extensions */,
				D2BCE327204EF80D001714E5 /* AppDelegate.swift */,
				D2BCE32B204EF80D001714E5 /* Main.storyboard */,
				D2BCE32E204EF80D001714E5 /* Assets.xcassets */,
				D2BCE330204EF80D001714E5 /* LaunchScreen.storyboard */,
				D2BCE333204EF80D001714E5 /* Info.plist */,
			);
			path = PruebaGafa;
			sourceTree = "<group>";
		};
		D2BCE339204EFCDE001714E5 /* Extensions */ = {
			isa = PBXGroup;
			children = (
				D2BCE33A204EFCEF001714E5 /* UIView.swift */,
				D2BCE33C204F0250001714E5 /* UIViewController.swift */,
				D2BCE350204FEC31001714E5 /* Encrypt.swift */,
			);
			path = Extensions;
			sourceTree = "<group>";
		};
		D2BCE33E204F088C001714E5 /* Controllers */ = {
			isa = PBXGroup;
			children = (
				D2BCE329204EF80D001714E5 /* LoginVC.swift */,
				D2BCE341204F0E37001714E5 /* RegisterVC.swift */,
				D2BCE33F204F08A4001714E5 /* MainVC.swift */,
				D2BCE343204F1942001714E5 /* EditVC.swift */,
			);
			path = Controllers;
			sourceTree = "<group>";
		};
		D2BCE345204F1A22001714E5 /* REST API */ = {
			isa = PBXGroup;
			children = (
				D2BCE34C204F1E59001714E5 /* BaseModel.swift */,
				D2BCE34E204F1F44001714E5 /* UserModel.swift */,
			);
			path = "REST API";
			sourceTree = "<group>";
		};
		D2BCE346204F1A2E001714E5 /* Models */ = {
			isa = PBXGroup;
			children = (
				D2BCE347204F1A39001714E5 /* User.swift */,
				D2BCE349204F1DF3001714E5 /* Base.swift */,
			);
			path = Models;
			sourceTree = "<group>";
		};
/* End PBXGroup section */

/* Begin PBXNativeTarget section */
		D2BCE323204EF80D001714E5 /* PruebaGafa */ = {
			isa = PBXNativeTarget;
			buildConfigurationList = D2BCE336204EF80D001714E5 /* Build configuration list for PBXNativeTarget "PruebaGafa" */;
			buildPhases = (
				D2BCE320204EF80D001714E5 /* Sources */,
				D2BCE321204EF80D001714E5 /* Frameworks */,
				D2BCE322204EF80D001714E5 /* Resources */,
			);
			buildRules = (
			);
			dependencies = (
			);
			name = PruebaGafa;
			productName = PruebaGafa;
			productReference = D2BCE324204EF80D001714E5 /* PruebaGafa.app */;
			productType = "com.apple.product-type.application";
		};
/* End PBXNativeTarget section */

/* Begin PBXProject section */
		D2BCE31C204EF80D001714E5 /* Project object */ = {
			isa = PBXProject;
			attributes = {
				LastSwiftUpdateCheck = 0920;
				LastUpgradeCheck = 0920;
				ORGANIZATIONNAME = "Alfonso Reyna";
				TargetAttributes = {
					D2BCE323204EF80D001714E5 = {
						CreatedOnToolsVersion = 9.2;
						ProvisioningStyle = Automatic;
					};
				};
			};
			buildConfigurationList = D2BCE31F204EF80D001714E5 /* Build configuration list for PBXProject "PruebaGafa" */;
			compatibilityVersion = "Xcode 8.0";
			developmentRegion = en;
			hasScannedForEncodings = 0;
			knownRegions = (
				en,
				Base,
			);
			mainGroup = D2BCE31B204EF80D001714E5;
			productRefGroup = D2BCE325204EF80D001714E5 /* Products */;
			projectDirPath = "";
			projectRoot = "";
			targets = (
				D2BCE323204EF80D001714E5 /* PruebaGafa */,
			);
		};
/* End PBXProject section */

/* Begin PBXResourcesBuildPhase section */
		D2BCE322204EF80D001714E5 /* Resources */ = {
			isa = PBXResourcesBuildPhase;
			buildActionMask = 2147483647;
			files = (
				D2BCE332204EF80D001714E5 /* LaunchScreen.storyboard in Resources */,
				D2BCE32F204EF80D001714E5 /* Assets.xcassets in Resources */,
				D2BCE32D204EF80D001714E5 /* Main.storyboard in Resources */,
			);
			runOnlyForDeploymentPostprocessing = 0;
		};
/* End PBXResourcesBuildPhase section */

/* Begin PBXSourcesBuildPhase section */
		D2BCE320204EF80D001714E5 /* Sources */ = {
			isa = PBXSourcesBuildPhase;
			buildActionMask = 2147483647;
			files = (
				D2BCE32A204EF80D001714E5 /* LoginVC.swift in Sources */,
				D2BCE340204F08A4001714E5 /* MainVC.swift in Sources */,
				D2BCE33B204EFCEF001714E5 /* UIView.swift in Sources */,
				D2BCE342204F0E37001714E5 /* RegisterVC.swift in Sources */,
				D2BCE34D204F1E59001714E5 /* BaseModel.swift in Sources */,
				D2BCE348204F1A39001714E5 /* User.swift in Sources */,
				D2BCE33D204F0250001714E5 /* UIViewController.swift in Sources */,
				D2BCE34A204F1DF3001714E5 /* Base.swift in Sources */,
				D2BCE328204EF80D001714E5 /* AppDelegate.swift in Sources */,
				D2BCE351204FEC31001714E5 /* Encrypt.swift in Sources */,
				D2BCE344204F1942001714E5 /* EditVC.swift in Sources */,
				D2BCE34F204F1F44001714E5 /* UserModel.swift in Sources */,
			);
			runOnlyForDeploymentPostprocessing = 0;
		};
/* End PBXSourcesBuildPhase section */

/* Begin PBXVariantGroup section */
		D2BCE32B204EF80D001714E5 /* Main.storyboard */ = {
			isa = PBXVariantGroup;
			children = (
				D2BCE32C204EF80D001714E5 /* Base */,
			);
			name = Main.storyboard;
			sourceTree = "<group>";
		};
		D2BCE330204EF80D001714E5 /* LaunchScreen.storyboard */ = {
			isa = PBXVariantGroup;
			children = (
				D2BCE331204EF80D001714E5 /* Base */,
			);
			name = LaunchScreen.storyboard;
			sourceTree = "<group>";
		};
/* End PBXVariantGroup section */

/* Begin XCBuildConfiguration section */
		D2BCE334204EF80D001714E5 /* Debug */ = {
			isa = XCBuildConfiguration;
			buildSettings = {
				ALWAYS_SEARCH_USER_PATHS = NO;
				CLANG_ANALYZER_NONNULL = YES;
				CLANG_ANALYZER_NUMBER_OBJECT_CONVERSION = YES_AGGRESSIVE;
				CLANG_CXX_LANGUAGE_STANDARD = "gnu++14";
				CLANG_CXX_LIBRARY = "libc++";
				CLANG_ENABLE_MODULES = YES;
				CLANG_ENABLE_OBJC_ARC = YES;
				CLANG_WARN_BLOCK_CAPTURE_AUTORELEASING = YES;
				CLANG_WARN_BOOL_CONVERSION = YES;
				CLANG_WARN_COMMA = YES;
				CLANG_WARN_CONSTANT_CONVERSION = YES;
				CLANG_WARN_DIRECT_OBJC_ISA_USAGE = YES_ERROR;
				CLANG_WARN_DOCUMENTATION_COMMENTS = YES;
				CLANG_WARN_EMPTY_BODY = YES;
				CLANG_WARN_ENUM_CONVERSION = YES;
				CLANG_WARN_INFINITE_RECURSION = YES;
				CLANG_WARN_INT_CONVERSION = YES;
				CLANG_WARN_NON_LITERAL_NULL_CONVERSION = YES;
				CLANG_WARN_OBJC_LITERAL_CONVERSION = YES;
				CLANG_WARN_OBJC_ROOT_CLASS = YES_ERROR;
				CLANG_WARN_RANGE_LOOP_ANALYSIS = YES;
				CLANG_WARN_STRICT_PROTOTYPES = YES;
				CLANG_WARN_SUSPICIOUS_MOVE = YES;
				CLANG_WARN_UNGUARDED_AVAILABILITY = YES_AGGRESSIVE;
				CLANG_WARN_UNREACHABLE_CODE = YES;
				CLANG_WARN__DUPLICATE_METHOD_MATCH = YES;
				CODE_SIGN_IDENTITY = "iPhone Developer";
				COPY_PHASE_STRIP = NO;
				DEBUG_INFORMATION_FORMAT = dwarf;
				ENABLE_STRICT_OBJC_MSGSEND = YES;
				ENABLE_TESTABILITY = YES;
				GCC_C_LANGUAGE_STANDARD = gnu11;
				GCC_DYNAMIC_NO_PIC = NO;
				GCC_NO_COMMON_BLOCKS = YES;
				GCC_OPTIMIZATION_LEVEL = 0;
				GCC_PREPROCESSOR_DEFINITIONS = (
					"DEBUG=1",
					"$(inherited)",
				);
				GCC_WARN_64_TO_32_BIT_CONVERSION = YES;
				GCC_WARN_ABOUT_RETURN_TYPE = YES_ERROR;
				GCC_WARN_UNDECLARED_SELECTOR = YES;
				GCC_WARN_UNINITIALIZED_AUTOS = YES_AGGRESSIVE;
				GCC_WARN_UNUSED_FUNCTION = YES;
				GCC_WARN_UNUSED_VARIABLE = YES;
				IPHONEOS_DEPLOYMENT_TARGET = 11.2;
				MTL_ENABLE_DEBUG_INFO = YES;
				ONLY_ACTIVE_ARCH = YES;
				SDKROOT = iphoneos;
				SWIFT_ACTIVE_COMPILATION_CONDITIONS = DEBUG;
				SWIFT_OPTIMIZATION_LEVEL = "-Onone";
			};
			name = Debug;
		};
		D2BCE335204EF80D001714E5 /* Release */ = {
			isa = XCBuildConfiguration;
			buildSettings = {
				ALWAYS_SEARCH_USER_PATHS = NO;
				CLANG_ANALYZER_NONNULL = YES;
				CLANG_ANALYZER_NUMBER_OBJECT_CONVERSION = YES_AGGRESSIVE;
				CLANG_CXX_LANGUAGE_STANDARD = "gnu++14";
				CLANG_CXX_LIBRARY = "libc++";
				CLANG_ENABLE_MODULES = YES;
				CLANG_ENABLE_OBJC_ARC = YES;
				CLANG_WARN_BLOCK_CAPTURE_AUTORELEASING = YES;
				CLANG_WARN_BOOL_CONVERSION = YES;
				CLANG_WARN_COMMA = YES;
				CLANG_WARN_CONSTANT_CONVERSION = YES;
				CLANG_WARN_DIRECT_OBJC_ISA_USAGE = YES_ERROR;
				CLANG_WARN_DOCUMENTATION_COMMENTS = YES;
				CLANG_WARN_EMPTY_BODY = YES;
				CLANG_WARN_ENUM_CONVERSION = YES;
				CLANG_WARN_INFINITE_RECURSION = YES;
				CLANG_WARN_INT_CONVERSION = YES;
				CLANG_WARN_NON_LITERAL_NULL_CONVERSION = YES;
				CLANG_WARN_OBJC_LITERAL_CONVERSION = YES;
				CLANG_WARN_OBJC_ROOT_CLASS = YES_ERROR;
				CLANG_WARN_RANGE_LOOP_ANALYSIS = YES;
				CLANG_WARN_STRICT_PROTOTYPES = YES;
				CLANG_WARN_SUSPICIOUS_MOVE = YES;
				CLANG_WARN_UNGUARDED_AVAILABILITY = YES_AGGRESSIVE;
				CLANG_WARN_UNREACHABLE_CODE = YES;
				CLANG_WARN__DUPLICATE_METHOD_MATCH = YES;
				CODE_SIGN_IDENTITY = "iPhone Developer";
				COPY_PHASE_STRIP = NO;
				DEBUG_INFORMATION_FORMAT = "dwarf-with-dsym";
				ENABLE_NS_ASSERTIONS = NO;
				ENABLE_STRICT_OBJC_MSGSEND = YES;
				GCC_C_LANGUAGE_STANDARD = gnu11;
				GCC_NO_COMMON_BLOCKS = YES;
				GCC_WARN_64_TO_32_BIT_CONVERSION = YES;
				GCC_WARN_ABOUT_RETURN_TYPE = YES_ERROR;
				GCC_WARN_UNDECLARED_SELECTOR = YES;
				GCC_WARN_UNINITIALIZED_AUTOS = YES_AGGRESSIVE;
				GCC_WARN_UNUSED_FUNCTION = YES;
				GCC_WARN_UNUSED_VARIABLE = YES;
				IPHONEOS_DEPLOYMENT_TARGET = 11.2;
				MTL_ENABLE_DEBUG_INFO = NO;
				SDKROOT = iphoneos;
				SWIFT_OPTIMIZATION_LEVEL = "-Owholemodule";
				VALIDATE_PRODUCT = YES;
			};
			name = Release;
		};
		D2BCE337204EF80D001714E5 /* Debug */ = {
			isa = XCBuildConfiguration;
			buildSettings = {
				ASSETCATALOG_COMPILER_APPICON_NAME = AppIcon;
				CODE_SIGN_STYLE = Automatic;
				DEVELOPMENT_TEAM = 2RPW8YD6T7;
				INFOPLIST_FILE = PruebaGafa/Info.plist;
				IPHONEOS_DEPLOYMENT_TARGET = 11.1;
				LD_RUNPATH_SEARCH_PATHS = "$(inherited) @executable_path/Frameworks";
				PRODUCT_BUNDLE_IDENTIFIER = mx.nextia.PruebaGafa;
				PRODUCT_NAME = "$(TARGET_NAME)";
				SWIFT_VERSION = 3.0;
				TARGETED_DEVICE_FAMILY = "1,2";
			};
			name = Debug;
		};
		D2BCE338204EF80D001714E5 /* Release */ = {
			isa = XCBuildConfiguration;
			buildSettings = {
				ASSETCATALOG_COMPILER_APPICON_NAME = AppIcon;
				CODE_SIGN_STYLE = Automatic;
				DEVELOPMENT_TEAM = 2RPW8YD6T7;
				INFOPLIST_FILE = PruebaGafa/Info.plist;
				IPHONEOS_DEPLOYMENT_TARGET = 11.1;
				LD_RUNPATH_SEARCH_PATHS = "$(inherited) @executable_path/Frameworks";
				PRODUCT_BUNDLE_IDENTIFIER = mx.nextia.PruebaGafa;
				PRODUCT_NAME = "$(TARGET_NAME)";
				SWIFT_VERSION = 3.0;
				TARGETED_DEVICE_FAMILY = "1,2";
			};
			name = Release;
		};
/* End XCBuildConfiguration section */

/* Begin XCConfigurationList section */
		D2BCE31F204EF80D001714E5 /* Build configuration list for PBXProject "PruebaGafa" */ = {
			isa = XCConfigurationList;
			buildConfigurations = (
				D2BCE334204EF80D001714E5 /* Debug */,
				D2BCE335204EF80D001714E5 /* Release */,
			);
			defaultConfigurationIsVisible = 0;
			defaultConfigurationName = Release;
		};
		D2BCE336204EF80D001714E5 /* Build configuration list for PBXNativeTarget "PruebaGafa" */ = {
			isa = XCConfigurationList;
			buildConfigurations = (
				D2BCE337204EF80D001714E5 /* Debug */,
				D2BCE338204EF80D001714E5 /* Release */,
			);
			defaultConfigurationIsVisible = 0;
			defaultConfigurationName = Release;
		};
/* End XCConfigurationList section */
	};
	rootObject = D2BCE31C204EF80D001714E5 /* Project object */;
}
